
Microsoft Visual Studio Solution File, Format Version 12.00
# Visual Studio 15
VisualStudioVersion = 15.0.28307.136
MinimumVisualStudioVersion = 10.0.40219.1
Project("{FAE04EC0-301F-11D3-BF4B-00C04F79EFBC}") = "TestGitDotNet", "TestGitDotNet\TestGitDotNet.csproj", "{D71FAB9D-C801-4727-A55A-85E3B89AA298}"
EndProject
Global
	GlobalSection(SolutionConfigurationPlatforms) = preSolution
		Debug|Any CPU = Debug|Any CPU
		Release|Any CPU = Release|Any CPU
	EndGlobalSection
	GlobalSection(ProjectConfigurationPlatforms) = postSolution
		{D71FAB9D-C801-4727-A55A-85E3B89AA298}.Debug|Any CPU.ActiveCfg = Debug|Any CPU
		{D71FAB9D-C801-4727-A55A-85E3B89AA298}.Debug|Any CPU.Build.0 = Debug|Any CPU
		{D71FAB9D-C801-4727-A55A-85E3B89AA298}.Release|Any CPU.ActiveCfg = Release|Any CPU
		{D71FAB9D-C801-4727-A55A-85E3B89AA298}.Release|Any CPU.Build.0 = Release|Any CPU
	EndGlobalSection
	GlobalSection(SolutionProperties) = preSolution
		HideSolutionNode = FALSE
	EndGlobalSection
	GlobalSection(ExtensibilityGlobals) = postSolution
		SolutionGuid = {A800B2BB-A79D-492A-9CFB-9189761F1A08}
	EndGlobalSection
EndGlobal
